
Microsoft Visual Studio Solution File, Format Version 12.00
# Visual Studio Version 16
VisualStudioVersion = 16.0.31911.196
MinimumVisualStudioVersion = 10.0.40219.1
Project("{FAE04EC0-301F-11D3-BF4B-00C04F79EFBC}") = "Employee", "Employee\Employee.csproj", "{0C6EE7CF-0A12-42F4-A545-CE9602ECFA81}"
EndProject
Global
	GlobalSection(SolutionConfigurationPlatforms) = preSolution
		Debug|Any CPU = Debug|Any CPU
		Release|Any CPU = Release|Any CPU
	EndGlobalSection
	GlobalSection(ProjectConfigurationPlatforms) = postSolution
		{0C6EE7CF-0A12-42F4-A545-CE9602ECFA81}.Debug|Any CPU.ActiveCfg = Debug|Any CPU
		{0C6EE7CF-0A12-42F4-A545-CE9602ECFA81}.Debug|Any CPU.Build.0 = Debug|Any CPU
		{0C6EE7CF-0A12-42F4-A545-CE9602ECFA81}.Release|Any CPU.ActiveCfg = Release|Any CPU
		{0C6EE7CF-0A12-42F4-A545-CE9602ECFA81}.Release|Any CPU.Build.0 = Release|Any CPU
	EndGlobalSection
	GlobalSection(SolutionProperties) = preSolution
		HideSolutionNode = FALSE
	EndGlobalSection
	GlobalSection(ExtensibilityGlobals) = postSolution
		SolutionGuid = {95FDC1E5-CCB0-4D4F-903B-F9254CD644A9}
	EndGlobalSection
EndGlobal
